
Microsoft Visual Studio Solution File, Format Version 12.00
# Visual Studio 15
VisualStudioVersion = 15.0.28307.136
MinimumVisualStudioVersion = 10.0.40219.1
Project("{FAE04EC0-301F-11D3-BF4B-00C04F79EFBC}") = "MarkovChainDLL", "MarkovChainDLL\MarkovChainDLL.csproj", "{323B5BEA-C867-4916-8CFB-3AAB77B9145C}"
EndProject
Global
	GlobalSection(SolutionConfigurationPlatforms) = preSolution
		Debug|Any CPU = Debug|Any CPU
		Release|Any CPU = Release|Any CPU
	EndGlobalSection
	GlobalSection(ProjectConfigurationPlatforms) = postSolution
		{323B5BEA-C867-4916-8CFB-3AAB77B9145C}.Debug|Any CPU.ActiveCfg = Debug|Any CPU
		{323B5BEA-C867-4916-8CFB-3AAB77B9145C}.Debug|Any CPU.Build.0 = Debug|Any CPU
		{323B5BEA-C867-4916-8CFB-3AAB77B9145C}.Release|Any CPU.ActiveCfg = Release|Any CPU
		{323B5BEA-C867-4916-8CFB-3AAB77B9145C}.Release|Any CPU.Build.0 = Release|Any CPU
	EndGlobalSection
	GlobalSection(SolutionProperties) = preSolution
		HideSolutionNode = FALSE
	EndGlobalSection
	GlobalSection(ExtensibilityGlobals) = postSolution
		SolutionGuid = {5FDE60CD-DAD1-42DB-865A-7F27CE3E256A}
	EndGlobalSection
EndGlobal
